// !$*UTF8*$!
{
	archiveVersion = 1;
	classes = {
	};
	objectVersion = 50;
	objects = {

/* Begin PBXBuildFile section */
		5EA33A73258C3AC0DD84C052 /* Pods_Auto_Gym_for_Members.framework in Frameworks */ = {isa = PBXBuildFile; fileRef = 029EC80E2BC05578CA3958E2 /* Pods_Auto_Gym_for_Members.framework */; };
		D50BCA7121EE19ED00154B0E /* AltUserController.swift in Sources */ = {isa = PBXBuildFile; fileRef = D50BCA7021EE19ED00154B0E /* AltUserController.swift */; };
		D50ECC9021F0C5E700EF0B86 /* TurmaController.swift in Sources */ = {isa = PBXBuildFile; fileRef = D50ECC8F21F0C5E700EF0B86 /* TurmaController.swift */; };
		D519991421E6652600BC42F5 /* MenuController.swift in Sources */ = {isa = PBXBuildFile; fileRef = D519991321E6652600BC42F5 /* MenuController.swift */; };
		D51A514121C17BF000A59FFB /* Funcoes.swift in Sources */ = {isa = PBXBuildFile; fileRef = D51A514021C17BF000A59FFB /* Funcoes.swift */; };
		D520435621F77F3B00CDD1D9 /* MuscDetailController.swift in Sources */ = {isa = PBXBuildFile; fileRef = D520435521F77F3B00CDD1D9 /* MuscDetailController.swift */; };
		D520436A21F7936C00CDD1D9 /* ExMuscController.swift in Sources */ = {isa = PBXBuildFile; fileRef = D520436921F7936C00CDD1D9 /* ExMuscController.swift */; };
		D5259B5D21C8101700B3811D /* MainController.swift in Sources */ = {isa = PBXBuildFile; fileRef = D5259B5C21C8101700B3811D /* MainController.swift */; };
		D5259B5F21C81F2500B3811D /* Classes.swift in Sources */ = {isa = PBXBuildFile; fileRef = D5259B5E21C81F2500B3811D /* Classes.swift */; };
		D574FD4021F8AC9900B8044E /* TurmaDetailController.swift in Sources */ = {isa = PBXBuildFile; fileRef = D574FD3F21F8AC9900B8044E /* TurmaDetailController.swift */; };
		D574FD4221F8B5B900B8044E /* AeroController.swift in Sources */ = {isa = PBXBuildFile; fileRef = D574FD4121F8B5B900B8044E /* AeroController.swift */; };
		D574FD4421F8B5DE00B8044E /* AeroDetailController.swift in Sources */ = {isa = PBXBuildFile; fileRef = D574FD4321F8B5DE00B8044E /* AeroDetailController.swift */; };
		D574FD4621F8B60900B8044E /* ExAeroController.swift in Sources */ = {isa = PBXBuildFile; fileRef = D574FD4521F8B60900B8044E /* ExAeroController.swift */; };
		D5A4CC1221C3EAD0000C9358 /* ConfigController.swift in Sources */ = {isa = PBXBuildFile; fileRef = D5A4CC1121C3EAD0000C9358 /* ConfigController.swift */; };
		D5B5238121C03FF900B2EAF2 /* AppDelegate.swift in Sources */ = {isa = PBXBuildFile; fileRef = D5B5238021C03FF900B2EAF2 /* AppDelegate.swift */; };
		D5B5238621C03FF900B2EAF2 /* Main.storyboard in Resources */ = {isa = PBXBuildFile; fileRef = D5B5238421C03FF900B2EAF2 /* Main.storyboard */; };
		D5B5238821C03FFA00B2EAF2 /* Assets.xcassets in Resources */ = {isa = PBXBuildFile; fileRef = D5B5238721C03FFA00B2EAF2 /* Assets.xcassets */; };
		D5B5238B21C03FFA00B2EAF2 /* LaunchScreen.storyboard in Resources */ = {isa = PBXBuildFile; fileRef = D5B5238921C03FFA00B2EAF2 /* LaunchScreen.storyboard */; };
		D5B5241F21C0443600B2EAF2 /* JMMaskTextField.swift in Sources */ = {isa = PBXBuildFile; fileRef = D5B5241D21C0443600B2EAF2 /* JMMaskTextField.swift */; };
		D5B5242021C0443600B2EAF2 /* JMStringMask.swift in Sources */ = {isa = PBXBuildFile; fileRef = D5B5241E21C0443600B2EAF2 /* JMStringMask.swift */; };
		D5DEAAC321F64109000920B4 /* MuscController.swift in Sources */ = {isa = PBXBuildFile; fileRef = D5DEAAC221F64109000920B4 /* MuscController.swift */; };
		D5E069E7228E0F5100565B51 /* GoogleService-Info.plist in Resources */ = {isa = PBXBuildFile; fileRef = D5E069D9228E0F5100565B51 /* GoogleService-Info.plist */; };
		D5F02C4B21F9F5C2006B7D7D /* PasswordController.swift in Sources */ = {isa = PBXBuildFile; fileRef = D5F02C4A21F9F5C2006B7D7D /* PasswordController.swift */; };
		D5F03B8221FB3CAE007D794A /* AvalController.swift in Sources */ = {isa = PBXBuildFile; fileRef = D5F03B8121FB3CAE007D794A /* AvalController.swift */; };
		D5F7539C21FB3415005D5A85 /* AvalCell.swift in Sources */ = {isa = PBXBuildFile; fileRef = D5F7539A21FB3415005D5A85 /* AvalCell.swift */; };
		D5F7539D21FB3415005D5A85 /* AvalCell.xib in Resources */ = {isa = PBXBuildFile; fileRef = D5F7539B21FB3415005D5A85 /* AvalCell.xib */; };
/* End PBXBuildFile section */

/* Begin PBXContainerItemProxy section */
		D52F58BA295214ED0013930E /* PBXContainerItemProxy */ = {
			isa = PBXContainerItemProxy;
			containerPortal = D52F58B2295214ED0013930E /* CryptoSwift.xcodeproj */;
			proxyType = 2;
			remoteGlobalIDString = 754BE45519693E190098E6F3;
			remoteInfo = CryptoSwift;
		};
		D52F58BC295214ED0013930E /* PBXContainerItemProxy */ = {
			isa = PBXContainerItemProxy;
			containerPortal = D52F58B2295214ED0013930E /* CryptoSwift.xcodeproj */;
			proxyType = 2;
			remoteGlobalIDString = 75211F92207249D8004E41F8;
			remoteInfo = "CryptoSwift-TestHostApp";
		};
		D52F58BE295214ED0013930E /* PBXContainerItemProxy */ = {
			isa = PBXContainerItemProxy;
			containerPortal = D52F58B2295214ED0013930E /* CryptoSwift.xcodeproj */;
			proxyType = 2;
			remoteGlobalIDString = 754BE46019693E190098E6F3;
			remoteInfo = Tests;
		};
		D52F58C0295214ED0013930E /* PBXContainerItemProxy */ = {
			isa = PBXContainerItemProxy;
			containerPortal = D52F58B2295214ED0013930E /* CryptoSwift.xcodeproj */;
			proxyType = 2;
			remoteGlobalIDString = 7595C14A2072E48C00EA1A5F;
			remoteInfo = "TestsPerformance-Mac";
		};
		D52F58C2295214ED0013930E /* PBXContainerItemProxy */ = {
			isa = PBXContainerItemProxy;
			containerPortal = D52F58B2295214ED0013930E /* CryptoSwift.xcodeproj */;
			proxyType = 2;
			remoteGlobalIDString = 7564F0602072EAEB00CA5A96;
			remoteInfo = "TestsPerformance-iOS";
		};
		D52F58E82952151A0013930E /* PBXContainerItemProxy */ = {
			isa = PBXContainerItemProxy;
			containerPortal = D52F58DD2952151A0013930E /* SwiftyJSON.xcodeproj */;
			proxyType = 2;
			remoteGlobalIDString = 2E4FEFDB19575BE100351305;
			remoteInfo = "SwiftyJSON iOS";
		};
		D52F58EA2952151A0013930E /* PBXContainerItemProxy */ = {
			isa = PBXContainerItemProxy;
			containerPortal = D52F58DD2952151A0013930E /* SwiftyJSON.xcodeproj */;
			proxyType = 2;
			remoteGlobalIDString = 2E4FEFE619575BE100351305;
			remoteInfo = "SwiftyJSON iOS Tests";
		};
		D52F58EC2952151A0013930E /* PBXContainerItemProxy */ = {
			isa = PBXContainerItemProxy;
			containerPortal = D52F58DD2952151A0013930E /* SwiftyJSON.xcodeproj */;
			proxyType = 2;
			remoteGlobalIDString = 9C7DFC5B1A9102BD005AA3F7;
			remoteInfo = "SwiftyJSON macOS";
		};
		D52F58EE2952151A0013930E /* PBXContainerItemProxy */ = {
			isa = PBXContainerItemProxy;
			containerPortal = D52F58DD2952151A0013930E /* SwiftyJSON.xcodeproj */;
			proxyType = 2;
			remoteGlobalIDString = 9C7DFC651A9102BD005AA3F7;
			remoteInfo = "SwiftyJSON macOS Tests";
		};
		D52F58F02952151A0013930E /* PBXContainerItemProxy */ = {
			isa = PBXContainerItemProxy;
			containerPortal = D52F58DD2952151A0013930E /* SwiftyJSON.xcodeproj */;
			proxyType = 2;
			remoteGlobalIDString = E4D7CCE81B9465A700EE7221;
			remoteInfo = "SwiftyJSON watchOS";
		};
		D52F58F22952151A0013930E /* PBXContainerItemProxy */ = {
			isa = PBXContainerItemProxy;
			containerPortal = D52F58DD2952151A0013930E /* SwiftyJSON.xcodeproj */;
			proxyType = 2;
			remoteGlobalIDString = 7236B4F61BAC14150020529B;
			remoteInfo = "SwiftyJSON tvOS";
		};
		D52F58F42952151A0013930E /* PBXContainerItemProxy */ = {
			isa = PBXContainerItemProxy;
			containerPortal = D52F58DD2952151A0013930E /* SwiftyJSON.xcodeproj */;
			proxyType = 2;
			remoteGlobalIDString = A8580F741BCF5C5B00DA927B;
			remoteInfo = "SwiftyJSON tvOS Tests";
		};
/* End PBXContainerItemProxy section */

/* Begin PBXCopyFilesBuildPhase section */
		D51A515B21C1822800A59FFB /* Embed Frameworks */ = {
			isa = PBXCopyFilesBuildPhase;
			buildActionMask = 8;
			dstPath = "";
			dstSubfolderSpec = 10;
			files = (
			);
			name = "Embed Frameworks";
			runOnlyForDeploymentPostprocessing = 1;
		};
/* End PBXCopyFilesBuildPhase section */

/* Begin PBXFileReference section */
		029EC80E2BC05578CA3958E2 /* Pods_Auto_Gym_for_Members.framework */ = {isa = PBXFileReference; explicitFileType = wrapper.framework; includeInIndex = 0; path = Pods_Auto_Gym_for_Members.framework; sourceTree = BUILT_PRODUCTS_DIR; };
		4C7ABF756CB435375092AFE1 /* Pods-Auto-Gym_for_Members.release.xcconfig */ = {isa = PBXFileReference; includeInIndex = 1; lastKnownFileType = text.xcconfig; name = "Pods-Auto-Gym_for_Members.release.xcconfig"; path = "Pods/Target Support Files/Pods-Auto-Gym_for_Members/Pods-Auto-Gym_for_Members.release.xcconfig"; sourceTree = "<group>"; };
		D50BCA7021EE19ED00154B0E /* AltUserController.swift */ = {isa = PBXFileReference; lastKnownFileType = sourcecode.swift; path = AltUserController.swift; sourceTree = "<group>"; };
		D50ECC8F21F0C5E700EF0B86 /* TurmaController.swift */ = {isa = PBXFileReference; lastKnownFileType = sourcecode.swift; path = TurmaController.swift; sourceTree = "<group>"; };
		D519991321E6652600BC42F5 /* MenuController.swift */ = {isa = PBXFileReference; lastKnownFileType = sourcecode.swift; path = MenuController.swift; sourceTree = "<group>"; };
		D51A514021C17BF000A59FFB /* Funcoes.swift */ = {isa = PBXFileReference; lastKnownFileType = sourcecode.swift; path = Funcoes.swift; sourceTree = "<group>"; };
		D520435521F77F3B00CDD1D9 /* MuscDetailController.swift */ = {isa = PBXFileReference; lastKnownFileType = sourcecode.swift; path = MuscDetailController.swift; sourceTree = "<group>"; };
		D520436921F7936C00CDD1D9 /* ExMuscController.swift */ = {isa = PBXFileReference; lastKnownFileType = sourcecode.swift; path = ExMuscController.swift; sourceTree = "<group>"; };
		D5259B5B21C7F57B00B3811D /* Auto-Gym.playground */ = {isa = PBXFileReference; lastKnownFileType = file.playground; path = "Auto-Gym.playground"; sourceTree = "<group>"; xcLanguageSpecificationIdentifier = xcode.lang.swift; };
		D5259B5C21C8101700B3811D /* MainController.swift */ = {isa = PBXFileReference; lastKnownFileType = sourcecode.swift; path = MainController.swift; sourceTree = "<group>"; };
		D5259B5E21C81F2500B3811D /* Classes.swift */ = {isa = PBXFileReference; lastKnownFileType = sourcecode.swift; path = Classes.swift; sourceTree = "<group>"; };
		D52F58B2295214ED0013930E /* CryptoSwift.xcodeproj */ = {isa = PBXFileReference; lastKnownFileType = "wrapper.pb-project"; name = CryptoSwift.xcodeproj; path = "../../CryptoSwift-master/CryptoSwift.xcodeproj"; sourceTree = "<group>"; };
		D52F58DD2952151A0013930E /* SwiftyJSON.xcodeproj */ = {isa = PBXFileReference; lastKnownFileType = "wrapper.pb-project"; name = SwiftyJSON.xcodeproj; path = "../../SwiftyJSON-master/SwiftyJSON.xcodeproj"; sourceTree = "<group>"; };
		D574FD3F21F8AC9900B8044E /* TurmaDetailController.swift */ = {isa = PBXFileReference; lastKnownFileType = sourcecode.swift; path = TurmaDetailController.swift; sourceTree = "<group>"; };
		D574FD4121F8B5B900B8044E /* AeroController.swift */ = {isa = PBXFileReference; lastKnownFileType = sourcecode.swift; path = AeroController.swift; sourceTree = "<group>"; };
		D574FD4321F8B5DE00B8044E /* AeroDetailController.swift */ = {isa = PBXFileReference; lastKnownFileType = sourcecode.swift; path = AeroDetailController.swift; sourceTree = "<group>"; };
		D574FD4521F8B60900B8044E /* ExAeroController.swift */ = {isa = PBXFileReference; lastKnownFileType = sourcecode.swift; path = ExAeroController.swift; sourceTree = "<group>"; };
		D5A4CC1121C3EAD0000C9358 /* ConfigController.swift */ = {isa = PBXFileReference; lastKnownFileType = sourcecode.swift; path = ConfigController.swift; sourceTree = "<group>"; };
		D5B5237D21C03FF900B2EAF2 /* Auto-Gym_for_Members.app */ = {isa = PBXFileReference; explicitFileType = wrapper.application; includeInIndex = 0; path = "Auto-Gym_for_Members.app"; sourceTree = BUILT_PRODUCTS_DIR; };
		D5B5238021C03FF900B2EAF2 /* AppDelegate.swift */ = {isa = PBXFileReference; lastKnownFileType = sourcecode.swift; path = AppDelegate.swift; sourceTree = "<group>"; };
		D5B5238521C03FF900B2EAF2 /* Base */ = {isa = PBXFileReference; lastKnownFileType = file.storyboard; name = Base; path = Base.lproj/Main.storyboard; sourceTree = "<group>"; };
		D5B5238721C03FFA00B2EAF2 /* Assets.xcassets */ = {isa = PBXFileReference; lastKnownFileType = folder.assetcatalog; path = Assets.xcassets; sourceTree = "<group>"; };
		D5B5238A21C03FFA00B2EAF2 /* Base */ = {isa = PBXFileReference; lastKnownFileType = file.storyboard; name = Base; path = Base.lproj/LaunchScreen.storyboard; sourceTree = "<group>"; };
		D5B5238C21C03FFA00B2EAF2 /* Info.plist */ = {isa = PBXFileReference; lastKnownFileType = text.plist.xml; path = Info.plist; sourceTree = "<group>"; };
		D5B5241D21C0443600B2EAF2 /* JMMaskTextField.swift */ = {isa = PBXFileReference; fileEncoding = 4; lastKnownFileType = sourcecode.swift; path = JMMaskTextField.swift; sourceTree = "<group>"; };
		D5B5241E21C0443600B2EAF2 /* JMStringMask.swift */ = {isa = PBXFileReference; fileEncoding = 4; lastKnownFileType = sourcecode.swift; path = JMStringMask.swift; sourceTree = "<group>"; };
		D5DEAAC221F64109000920B4 /* MuscController.swift */ = {isa = PBXFileReference; lastKnownFileType = sourcecode.swift; path = MuscController.swift; sourceTree = "<group>"; };
		D5E069D9228E0F5100565B51 /* GoogleService-Info.plist */ = {isa = PBXFileReference; fileEncoding = 4; lastKnownFileType = text.plist.xml; path = "GoogleService-Info.plist"; sourceTree = "<group>"; };
		D5F02C4A21F9F5C2006B7D7D /* PasswordController.swift */ = {isa = PBXFileReference; lastKnownFileType = sourcecode.swift; path = PasswordController.swift; sourceTree = "<group>"; };
		D5F03B8121FB3CAE007D794A /* AvalController.swift */ = {isa = PBXFileReference; lastKnownFileType = sourcecode.swift; path = AvalController.swift; sourceTree = "<group>"; };
		D5F7539A21FB3415005D5A85 /* AvalCell.swift */ = {isa = PBXFileReference; lastKnownFileType = sourcecode.swift; path = AvalCell.swift; sourceTree = "<group>"; };
		D5F7539B21FB3415005D5A85 /* AvalCell.xib */ = {isa = PBXFileReference; lastKnownFileType = file.xib; path = AvalCell.xib; sourceTree = "<group>"; };
		F938A6A46D001369EE402E63 /* Pods-Auto-Gym_for_Members.debug.xcconfig */ = {isa = PBXFileReference; includeInIndex = 1; lastKnownFileType = text.xcconfig; name = "Pods-Auto-Gym_for_Members.debug.xcconfig"; path = "Pods/Target Support Files/Pods-Auto-Gym_for_Members/Pods-Auto-Gym_for_Members.debug.xcconfig"; sourceTree = "<group>"; };
/* End PBXFileReference section */

/* Begin PBXFrameworksBuildPhase section */
		D5B5237A21C03FF900B2EAF2 /* Frameworks */ = {
			isa = PBXFrameworksBuildPhase;
			buildActionMask = 2147483647;
			files = (
				5EA33A73258C3AC0DD84C052 /* Pods_Auto_Gym_for_Members.framework in Frameworks */,
			);
			runOnlyForDeploymentPostprocessing = 0;
		};
/* End PBXFrameworksBuildPhase section */

/* Begin PBXGroup section */
		7760AD8ACD0F7228BBBAD454 /* Pods */ = {
			isa = PBXGroup;
			children = (
				F938A6A46D001369EE402E63 /* Pods-Auto-Gym_for_Members.debug.xcconfig */,
				4C7ABF756CB435375092AFE1 /* Pods-Auto-Gym_for_Members.release.xcconfig */,
			);
			name = Pods;
			sourceTree = "<group>";
		};
		85921BABA5E4F95B085BD2EC /* Frameworks */ = {
			isa = PBXGroup;
			children = (
				029EC80E2BC05578CA3958E2 /* Pods_Auto_Gym_for_Members.framework */,
			);
			name = Frameworks;
			sourceTree = "<group>";
		};
		D52F58B3295214ED0013930E /* Products */ = {
			isa = PBXGroup;
			children = (
				D52F58BB295214ED0013930E /* CryptoSwift.framework */,
				D52F58BD295214ED0013930E /* CryptoSwift-TestHostApp.app */,
				D52F58BF295214ED0013930E /* Tests.xctest */,
				D52F58C1295214ED0013930E /* TestsPerformance-Mac.xctest */,
				D52F58C3295214ED0013930E /* TestsPerformance-iOS.xctest */,
			);
			name = Products;
			sourceTree = "<group>";
		};
		D52F58DE2952151A0013930E /* Products */ = {
			isa = PBXGroup;
			children = (
				D52F58E92952151A0013930E /* SwiftyJSON.framework */,
				D52F58EB2952151A0013930E /* SwiftyJSON iOS Tests.xctest */,
				D52F58ED2952151A0013930E /* SwiftyJSON.framework */,
				D52F58EF2952151A0013930E /* SwiftyJSON macOS Tests.xctest */,
				D52F58F12952151A0013930E /* SwiftyJSON.framework */,
				D52F58F32952151A0013930E /* SwiftyJSON.framework */,
				D52F58F52952151A0013930E /* SwiftyJSON tvOS Tests.xctest */,
			);
			name = Products;
			sourceTree = "<group>";
		};
		D5B5237421C03FF900B2EAF2 = {
			isa = PBXGroup;
			children = (
				D52F58DD2952151A0013930E /* SwiftyJSON.xcodeproj */,
				D52F58B2295214ED0013930E /* CryptoSwift.xcodeproj */,
				D5B5237F21C03FF900B2EAF2 /* Auto-Gym_for_Members */,
				D5B5237E21C03FF900B2EAF2 /* Products */,
				7760AD8ACD0F7228BBBAD454 /* Pods */,
				85921BABA5E4F95B085BD2EC /* Frameworks */,
			);
			sourceTree = "<group>";
		};
		D5B5237E21C03FF900B2EAF2 /* Products */ = {
			isa = PBXGroup;
			children = (
				D5B5237D21C03FF900B2EAF2 /* Auto-Gym_for_Members.app */,
			);
			name = Products;
			sourceTree = "<group>";
		};
		D5B5237F21C03FF900B2EAF2 /* Auto-Gym_for_Members */ = {
			isa = PBXGroup;
			children = (
				D5259B5B21C7F57B00B3811D /* Auto-Gym.playground */,
				D5B5238021C03FF900B2EAF2 /* AppDelegate.swift */,
				D5259B5C21C8101700B3811D /* MainController.swift */,
				D5A4CC1121C3EAD0000C9358 /* ConfigController.swift */,
				D519991321E6652600BC42F5 /* MenuController.swift */,
				D50BCA7021EE19ED00154B0E /* AltUserController.swift */,
				D50ECC8F21F0C5E700EF0B86 /* TurmaController.swift */,
				D574FD3F21F8AC9900B8044E /* TurmaDetailController.swift */,
				D5DEAAC221F64109000920B4 /* MuscController.swift */,
				D520435521F77F3B00CDD1D9 /* MuscDetailController.swift */,
				D520436921F7936C00CDD1D9 /* ExMuscController.swift */,
				D574FD4121F8B5B900B8044E /* AeroController.swift */,
				D574FD4321F8B5DE00B8044E /* AeroDetailController.swift */,
				D574FD4521F8B60900B8044E /* ExAeroController.swift */,
				D5F02C4A21F9F5C2006B7D7D /* PasswordController.swift */,
				D5F03B8121FB3CAE007D794A /* AvalController.swift */,
				D5B5238421C03FF900B2EAF2 /* Main.storyboard */,
				D5F7539A21FB3415005D5A85 /* AvalCell.swift */,
				D5F7539B21FB3415005D5A85 /* AvalCell.xib */,
				D5B5238721C03FFA00B2EAF2 /* Assets.xcassets */,
				D5B5238921C03FFA00B2EAF2 /* LaunchScreen.storyboard */,
				D5B5238C21C03FFA00B2EAF2 /* Info.plist */,
				D5E069D9228E0F5100565B51 /* GoogleService-Info.plist */,
				D5B5241D21C0443600B2EAF2 /* JMMaskTextField.swift */,
				D5B5241E21C0443600B2EAF2 /* JMStringMask.swift */,
				D51A514021C17BF000A59FFB /* Funcoes.swift */,
				D5259B5E21C81F2500B3811D /* Classes.swift */,
			);
			path = "Auto-Gym_for_Members";
			sourceTree = "<group>";
		};
/* End PBXGroup section */

/* Begin PBXNativeTarget section */
		D5B5237C21C03FF900B2EAF2 /* Auto-Gym_for_Members */ = {
			isa = PBXNativeTarget;
			buildConfigurationList = D5B5238F21C03FFA00B2EAF2 /* Build configuration list for PBXNativeTarget "Auto-Gym_for_Members" */;
			buildPhases = (
				035E00915966DC0FB26FB30F /* [CP] Check Pods Manifest.lock */,
				D5B5237921C03FF900B2EAF2 /* Sources */,
				D5B5237A21C03FF900B2EAF2 /* Frameworks */,
				D5B5237B21C03FF900B2EAF2 /* Resources */,
				D51A515B21C1822800A59FFB /* Embed Frameworks */,
				A90C9830FCD45599A1F063F5 /* [CP] Embed Pods Frameworks */,
			);
			buildRules = (
			);
			dependencies = (
			);
			name = "Auto-Gym_for_Members";
			productName = "Auto-Gym_for_Members";
			productReference = D5B5237D21C03FF900B2EAF2 /* Auto-Gym_for_Members.app */;
			productType = "com.apple.product-type.application";
		};
/* End PBXNativeTarget section */

/* Begin PBXProject section */
		D5B5237521C03FF900B2EAF2 /* Project object */ = {
			isa = PBXProject;
			attributes = {
				LastSwiftUpdateCheck = 1010;
				LastUpgradeCheck = 1330;
				ORGANIZATIONNAME = "Marcio R. Rosemberg";
				TargetAttributes = {
					D5B5237C21C03FF900B2EAF2 = {
						CreatedOnToolsVersion = 10.1;
						LastSwiftMigration = 1330;
					};
				};
			};
			buildConfigurationList = D5B5237821C03FF900B2EAF2 /* Build configuration list for PBXProject "Auto-Gym_for_Members" */;
			compatibilityVersion = "Xcode 9.3";
			developmentRegion = en;
			hasScannedForEncodings = 0;
			knownRegions = (
				en,
				Base,
			);
			mainGroup = D5B5237421C03FF900B2EAF2;
			productRefGroup = D5B5237E21C03FF900B2EAF2 /* Products */;
			projectDirPath = "";
			projectReferences = (
				{
					ProductGroup = D52F58B3295214ED0013930E /* Products */;
					ProjectRef = D52F58B2295214ED0013930E /* CryptoSwift.xcodeproj */;
				},
				{
					ProductGroup = D52F58DE2952151A0013930E /* Products */;
					ProjectRef = D52F58DD2952151A0013930E /* SwiftyJSON.xcodeproj */;
				},
			);
			projectRoot = "";
			targets = (
				D5B5237C21C03FF900B2EAF2 /* Auto-Gym_for_Members */,
			);
		};
/* End PBXProject section */

/* Begin PBXReferenceProxy section */
		D52F58BB295214ED0013930E /* CryptoSwift.framework */ = {
			isa = PBXReferenceProxy;
			fileType = wrapper.framework;
			path = CryptoSwift.framework;
			remoteRef = D52F58BA295214ED0013930E /* PBXContainerItemProxy */;
			sourceTree = BUILT_PRODUCTS_DIR;
		};
		D52F58BD295214ED0013930E /* CryptoSwift-TestHostApp.app */ = {
			isa = PBXReferenceProxy;
			fileType = wrapper.application;
			path = "CryptoSwift-TestHostApp.app";
			remoteRef = D52F58BC295214ED0013930E /* PBXContainerItemProxy */;
			sourceTree = BUILT_PRODUCTS_DIR;
		};
		D52F58BF295214ED0013930E /* Tests.xctest */ = {
			isa = PBXReferenceProxy;
			fileType = wrapper.cfbundle;
			path = Tests.xctest;
			remoteRef = D52F58BE295214ED0013930E /* PBXContainerItemProxy */;
			sourceTree = BUILT_PRODUCTS_DIR;
		};
		D52F58C1295214ED0013930E /* TestsPerformance-Mac.xctest */ = {
			isa = PBXReferenceProxy;
			fileType = wrapper.cfbundle;
			path = "TestsPerformance-Mac.xctest";
			remoteRef = D52F58C0295214ED0013930E /* PBXContainerItemProxy */;
			sourceTree = BUILT_PRODUCTS_DIR;
		};
		D52F58C3295214ED0013930E /* TestsPerformance-iOS.xctest */ = {
			isa = PBXReferenceProxy;
			fileType = wrapper.cfbundle;
			path = "TestsPerformance-iOS.xctest";
			remoteRef = D52F58C2295214ED0013930E /* PBXContainerItemProxy */;
			sourceTree = BUILT_PRODUCTS_DIR;
		};
		D52F58E92952151A0013930E /* SwiftyJSON.framework */ = {
			isa = PBXReferenceProxy;
			fileType = wrapper.framework;
			path = SwiftyJSON.framework;
			remoteRef = D52F58E82952151A0013930E /* PBXContainerItemProxy */;
			sourceTree = BUILT_PRODUCTS_DIR;
		};
		D52F58EB2952151A0013930E /* SwiftyJSON iOS Tests.xctest */ = {
			isa = PBXReferenceProxy;
			fileType = wrapper.cfbundle;
			path = "SwiftyJSON iOS Tests.xctest";
			remoteRef = D52F58EA2952151A0013930E /* PBXContainerItemProxy */;
			sourceTree = BUILT_PRODUCTS_DIR;
		};
		D52F58ED2952151A0013930E /* SwiftyJSON.framework */ = {
			isa = PBXReferenceProxy;
			fileType = wrapper.framework;
			path = SwiftyJSON.framework;
			remoteRef = D52F58EC2952151A0013930E /* PBXContainerItemProxy */;
			sourceTree = BUILT_PRODUCTS_DIR;
		};
		D52F58EF2952151A0013930E /* SwiftyJSON macOS Tests.xctest */ = {
			isa = PBXReferenceProxy;
			fileType = wrapper.cfbundle;
			path = "SwiftyJSON macOS Tests.xctest";
			remoteRef = D52F58EE2952151A0013930E /* PBXContainerItemProxy */;
			sourceTree = BUILT_PRODUCTS_DIR;
		};
		D52F58F12952151A0013930E /* SwiftyJSON.framework */ = {
			isa = PBXReferenceProxy;
			fileType = wrapper.framework;
			path = SwiftyJSON.framework;
			remoteRef = D52F58F02952151A0013930E /* PBXContainerItemProxy */;
			sourceTree = BUILT_PRODUCTS_DIR;
		};
		D52F58F32952151A0013930E /* SwiftyJSON.framework */ = {
			isa = PBXReferenceProxy;
			fileType = wrapper.framework;
			path = SwiftyJSON.framework;
			remoteRef = D52F58F22952151A0013930E /* PBXContainerItemProxy */;
			sourceTree = BUILT_PRODUCTS_DIR;
		};
		D52F58F52952151A0013930E /* SwiftyJSON tvOS Tests.xctest */ = {
			isa = PBXReferenceProxy;
			fileType = wrapper.cfbundle;
			path = "SwiftyJSON tvOS Tests.xctest";
			remoteRef = D52F58F42952151A0013930E /* PBXContainerItemProxy */;
			sourceTree = BUILT_PRODUCTS_DIR;
		};
/* End PBXReferenceProxy section */

/* Begin PBXResourcesBuildPhase section */
		D5B5237B21C03FF900B2EAF2 /* Resources */ = {
			isa = PBXResourcesBuildPhase;
			buildActionMask = 2147483647;
			files = (
				D5B5238B21C03FFA00B2EAF2 /* LaunchScreen.storyboard in Resources */,
				D5F7539D21FB3415005D5A85 /* AvalCell.xib in Resources */,
				D5B5238821C03FFA00B2EAF2 /* Assets.xcassets in Resources */,
				D5B5238621C03FF900B2EAF2 /* Main.storyboard in Resources */,
				D5E069E7228E0F5100565B51 /* GoogleService-Info.plist in Resources */,
			);
			runOnlyForDeploymentPostprocessing = 0;
		};
/* End PBXResourcesBuildPhase section */

/* Begin PBXShellScriptBuildPhase section */
		035E00915966DC0FB26FB30F /* [CP] Check Pods Manifest.lock */ = {
			isa = PBXShellScriptBuildPhase;
			buildActionMask = 2147483647;
			files = (
			);
			inputFileListPaths = (
			);
			inputPaths = (
				"${PODS_PODFILE_DIR_PATH}/Podfile.lock",
				"${PODS_ROOT}/Manifest.lock",
			);
			name = "[CP] Check Pods Manifest.lock";
			outputFileListPaths = (
			);
			outputPaths = (
				"$(DERIVED_FILE_DIR)/Pods-Auto-Gym_for_Members-checkManifestLockResult.txt",
			);
			runOnlyForDeploymentPostprocessing = 0;
			shellPath = /bin/sh;
			shellScript = "diff \"${PODS_PODFILE_DIR_PATH}/Podfile.lock\" \"${PODS_ROOT}/Manifest.lock\" > /dev/null\nif [ $? != 0 ] ; then\n    # print error to STDERR\n    echo \"error: The sandbox is not in sync with the Podfile.lock. Run 'pod install' or update your CocoaPods installation.\" >&2\n    exit 1\nfi\n# This output is used by Xcode 'outputs' to avoid re-running this script phase.\necho \"SUCCESS\" > \"${SCRIPT_OUTPUT_FILE_0}\"\n";
			showEnvVarsInLog = 0;
		};
		A90C9830FCD45599A1F063F5 /* [CP] Embed Pods Frameworks */ = {
			isa = PBXShellScriptBuildPhase;
			buildActionMask = 2147483647;
			files = (
			);
			inputFileListPaths = (
			);
			inputPaths = (
				"${SRCROOT}/Pods/Target Support Files/Pods-Auto-Gym_for_Members/Pods-Auto-Gym_for_Members-frameworks.sh",
				"${BUILT_PRODUCTS_DIR}/GoogleUtilities/GoogleUtilities.framework",
				"${BUILT_PRODUCTS_DIR}/nanopb/nanopb.framework",
			);
			name = "[CP] Embed Pods Frameworks";
			outputFileListPaths = (
			);
			outputPaths = (
				"${TARGET_BUILD_DIR}/${FRAMEWORKS_FOLDER_PATH}/GoogleUtilities.framework",
				"${TARGET_BUILD_DIR}/${FRAMEWORKS_FOLDER_PATH}/nanopb.framework",
			);
			runOnlyForDeploymentPostprocessing = 0;
			shellPath = /bin/sh;
			shellScript = "\"${SRCROOT}/Pods/Target Support Files/Pods-Auto-Gym_for_Members/Pods-Auto-Gym_for_Members-frameworks.sh\"\n";
			showEnvVarsInLog = 0;
		};
/* End PBXShellScriptBuildPhase section */

/* Begin PBXSourcesBuildPhase section */
		D5B5237921C03FF900B2EAF2 /* Sources */ = {
			isa = PBXSourcesBuildPhase;
			buildActionMask = 2147483647;
			files = (
				D50BCA7121EE19ED00154B0E /* AltUserController.swift in Sources */,
				D5F7539C21FB3415005D5A85 /* AvalCell.swift in Sources */,
				D50ECC9021F0C5E700EF0B86 /* TurmaController.swift in Sources */,
				D5F03B8221FB3CAE007D794A /* AvalController.swift in Sources */,
				D519991421E6652600BC42F5 /* MenuController.swift in Sources */,
				D574FD4421F8B5DE00B8044E /* AeroDetailController.swift in Sources */,
				D5DEAAC321F64109000920B4 /* MuscController.swift in Sources */,
				D520436A21F7936C00CDD1D9 /* ExMuscController.swift in Sources */,
				D5B5238121C03FF900B2EAF2 /* AppDelegate.swift in Sources */,
				D5259B5D21C8101700B3811D /* MainController.swift in Sources */,
				D5A4CC1221C3EAD0000C9358 /* ConfigController.swift in Sources */,
				D5B5241F21C0443600B2EAF2 /* JMMaskTextField.swift in Sources */,
				D5259B5F21C81F2500B3811D /* Classes.swift in Sources */,
				D574FD4021F8AC9900B8044E /* TurmaDetailController.swift in Sources */,
				D520435621F77F3B00CDD1D9 /* MuscDetailController.swift in Sources */,
				D574FD4621F8B60900B8044E /* ExAeroController.swift in Sources */,
				D5F02C4B21F9F5C2006B7D7D /* PasswordController.swift in Sources */,
				D574FD4221F8B5B900B8044E /* AeroController.swift in Sources */,
				D5B5242021C0443600B2EAF2 /* JMStringMask.swift in Sources */,
				D51A514121C17BF000A59FFB /* Funcoes.swift in Sources */,
			);
			runOnlyForDeploymentPostprocessing = 0;
		};
/* End PBXSourcesBuildPhase section */

/* Begin PBXVariantGroup section */
		D5B5238421C03FF900B2EAF2 /* Main.storyboard */ = {
			isa = PBXVariantGroup;
			children = (
				D5B5238521C03FF900B2EAF2 /* Base */,
			);
			name = Main.storyboard;
			sourceTree = "<group>";
		};
		D5B5238921C03FFA00B2EAF2 /* LaunchScreen.storyboard */ = {
			isa = PBXVariantGroup;
			children = (
				D5B5238A21C03FFA00B2EAF2 /* Base */,
			);
			name = LaunchScreen.storyboard;
			sourceTree = "<group>";
		};
/* End PBXVariantGroup section */

/* Begin XCBuildConfiguration section */
		D5B5238D21C03FFA00B2EAF2 /* Debug */ = {
			isa = XCBuildConfiguration;
			buildSettings = {
				ALWAYS_SEARCH_USER_PATHS = NO;
				CLANG_ANALYZER_NONNULL = YES;
				CLANG_ANALYZER_NUMBER_OBJECT_CONVERSION = YES_AGGRESSIVE;
				CLANG_CXX_LANGUAGE_STANDARD = "gnu++14";
				CLANG_CXX_LIBRARY = "libc++";
				CLANG_ENABLE_MODULES = YES;
				CLANG_ENABLE_OBJC_ARC = YES;
				CLANG_ENABLE_OBJC_WEAK = YES;
				CLANG_WARN_BLOCK_CAPTURE_AUTORELEASING = YES;
				CLANG_WARN_BOOL_CONVERSION = YES;
				CLANG_WARN_COMMA = YES;
				CLANG_WARN_CONSTANT_CONVERSION = YES;
				CLANG_WARN_DEPRECATED_OBJC_IMPLEMENTATIONS = YES;
				CLANG_WARN_DIRECT_OBJC_ISA_USAGE = YES_ERROR;
				CLANG_WARN_DOCUMENTATION_COMMENTS = YES;
				CLANG_WARN_EMPTY_BODY = YES;
				CLANG_WARN_ENUM_CONVERSION = YES;
				CLANG_WARN_INFINITE_RECURSION = YES;
				CLANG_WARN_INT_CONVERSION = YES;
				CLANG_WARN_NON_LITERAL_NULL_CONVERSION = YES;
				CLANG_WARN_OBJC_IMPLICIT_RETAIN_SELF = YES;
				CLANG_WARN_OBJC_LITERAL_CONVERSION = YES;
				CLANG_WARN_OBJC_ROOT_CLASS = YES_ERROR;
				CLANG_WARN_QUOTED_INCLUDE_IN_FRAMEWORK_HEADER = YES;
				CLANG_WARN_RANGE_LOOP_ANALYSIS = YES;
				CLANG_WARN_STRICT_PROTOTYPES = YES;
				CLANG_WARN_SUSPICIOUS_MOVE = YES;
				CLANG_WARN_UNGUARDED_AVAILABILITY = YES_AGGRESSIVE;
				CLANG_WARN_UNREACHABLE_CODE = YES;
				CLANG_WARN__DUPLICATE_METHOD_MATCH = YES;
				CODE_SIGN_IDENTITY = "iPhone Developer";
				COPY_PHASE_STRIP = NO;
				DEBUG_INFORMATION_FORMAT = dwarf;
				ENABLE_STRICT_OBJC_MSGSEND = YES;
				ENABLE_TESTABILITY = YES;
				GCC_C_LANGUAGE_STANDARD = gnu11;
				GCC_DYNAMIC_NO_PIC = NO;
				GCC_NO_COMMON_BLOCKS = YES;
				GCC_OPTIMIZATION_LEVEL = 0;
				GCC_PREPROCESSOR_DEFINITIONS = (
					"DEBUG=1",
					"$(inherited)",
				);
				GCC_WARN_64_TO_32_BIT_CONVERSION = YES;
				GCC_WARN_ABOUT_RETURN_TYPE = YES_ERROR;
				GCC_WARN_UNDECLARED_SELECTOR = YES;
				GCC_WARN_UNINITIALIZED_AUTOS = YES_AGGRESSIVE;
				GCC_WARN_UNUSED_FUNCTION = YES;
				GCC_WARN_UNUSED_VARIABLE = YES;
				IPHONEOS_DEPLOYMENT_TARGET = 12.0;
				MTL_ENABLE_DEBUG_INFO = INCLUDE_SOURCE;
				MTL_FAST_MATH = YES;
				ONLY_ACTIVE_ARCH = YES;
				SDKROOT = iphoneos;
				SWIFT_ACTIVE_COMPILATION_CONDITIONS = DEBUG;
				SWIFT_OPTIMIZATION_LEVEL = "-Onone";
			};
			name = Debug;
		};
		D5B5238E21C03FFA00B2EAF2 /* Release */ = {
			isa = XCBuildConfiguration;
			buildSettings = {
				ALWAYS_SEARCH_USER_PATHS = NO;
				CLANG_ANALYZER_NONNULL = YES;
				CLANG_ANALYZER_NUMBER_OBJECT_CONVERSION = YES_AGGRESSIVE;
				CLANG_CXX_LANGUAGE_STANDARD = "gnu++14";
				CLANG_CXX_LIBRARY = "libc++";
				CLANG_ENABLE_MODULES = YES;
				CLANG_ENABLE_OBJC_ARC = YES;
				CLANG_ENABLE_OBJC_WEAK = YES;
				CLANG_WARN_BLOCK_CAPTURE_AUTORELEASING = YES;
				CLANG_WARN_BOOL_CONVERSION = YES;
				CLANG_WARN_COMMA = YES;
				CLANG_WARN_CONSTANT_CONVERSION = YES;
				CLANG_WARN_DEPRECATED_OBJC_IMPLEMENTATIONS = YES;
				CLANG_WARN_DIRECT_OBJC_ISA_USAGE = YES_ERROR;
				CLANG_WARN_DOCUMENTATION_COMMENTS = YES;
				CLANG_WARN_EMPTY_BODY = YES;
				CLANG_WARN_ENUM_CONVERSION = YES;
				CLANG_WARN_INFINITE_RECURSION = YES;
				CLANG_WARN_INT_CONVERSION = YES;
				CLANG_WARN_NON_LITERAL_NULL_CONVERSION = YES;
				CLANG_WARN_OBJC_IMPLICIT_RETAIN_SELF = YES;
				CLANG_WARN_OBJC_LITERAL_CONVERSION = YES;
				CLANG_WARN_OBJC_ROOT_CLASS = YES_ERROR;
				CLANG_WARN_QUOTED_INCLUDE_IN_FRAMEWORK_HEADER = YES;
				CLANG_WARN_RANGE_LOOP_ANALYSIS = YES;
				CLANG_WARN_STRICT_PROTOTYPES = YES;
				CLANG_WARN_SUSPICIOUS_MOVE = YES;
				CLANG_WARN_UNGUARDED_AVAILABILITY = YES_AGGRESSIVE;
				CLANG_WARN_UNREACHABLE_CODE = YES;
				CLANG_WARN__DUPLICATE_METHOD_MATCH = YES;
				CODE_SIGN_IDENTITY = "iPhone Developer";
				COPY_PHASE_STRIP = NO;
				DEBUG_INFORMATION_FORMAT = "dwarf-with-dsym";
				ENABLE_NS_ASSERTIONS = NO;
				ENABLE_STRICT_OBJC_MSGSEND = YES;
				GCC_C_LANGUAGE_STANDARD = gnu11;
				GCC_NO_COMMON_BLOCKS = YES;
				GCC_WARN_64_TO_32_BIT_CONVERSION = YES;
				GCC_WARN_ABOUT_RETURN_TYPE = YES_ERROR;
				GCC_WARN_UNDECLARED_SELECTOR = YES;
				GCC_WARN_UNINITIALIZED_AUTOS = YES_AGGRESSIVE;
				GCC_WARN_UNUSED_FUNCTION = YES;
				GCC_WARN_UNUSED_VARIABLE = YES;
				IPHONEOS_DEPLOYMENT_TARGET = 12.0;
				MTL_ENABLE_DEBUG_INFO = NO;
				MTL_FAST_MATH = YES;
				SDKROOT = iphoneos;
				SWIFT_COMPILATION_MODE = wholemodule;
				SWIFT_OPTIMIZATION_LEVEL = "-O";
				VALIDATE_PRODUCT = YES;
			};
			name = Release;
		};
		D5B5239021C03FFA00B2EAF2 /* Debug */ = {
			isa = XCBuildConfiguration;
			baseConfigurationReference = F938A6A46D001369EE402E63 /* Pods-Auto-Gym_for_Members.debug.xcconfig */;
			buildSettings = {
				ALWAYS_EMBED_SWIFT_STANDARD_LIBRARIES = YES;
				ASSETCATALOG_COMPILER_APPICON_NAME = AppIcon;
				CODE_SIGN_IDENTITY = "iPhone Developer";
				CODE_SIGN_STYLE = Automatic;
				DEVELOPMENT_TEAM = T7CRNMJTBC;
				FRAMEWORK_SEARCH_PATHS = (
					"$(inherited)",
					"$(PROJECT_DIR)",
				);
				INFOPLIST_FILE = "Auto-Gym_for_Members/Info.plist";
				IPHONEOS_DEPLOYMENT_TARGET = 12.0;
				LD_RUNPATH_SEARCH_PATHS = (
					"$(inherited)",
					"@executable_path/Frameworks",
				);
				MARKETING_VERSION = 1.0.5;
				PRODUCT_BUNDLE_IDENTIFIER = "com.sysnet.auto-gym";
				PRODUCT_NAME = "$(TARGET_NAME)";
				PROVISIONING_PROFILE_SPECIFIER = "";
				SWIFT_VERSION = 5.0;
				TARGETED_DEVICE_FAMILY = 1;
			};
			name = Debug;
		};
		D5B5239121C03FFA00B2EAF2 /* Release */ = {
			isa = XCBuildConfiguration;
			baseConfigurationReference = 4C7ABF756CB435375092AFE1 /* Pods-Auto-Gym_for_Members.release.xcconfig */;
			buildSettings = {
				ALWAYS_EMBED_SWIFT_STANDARD_LIBRARIES = YES;
				ASSETCATALOG_COMPILER_APPICON_NAME = AppIcon;
				CODE_SIGN_IDENTITY = "iPhone Developer";
				CODE_SIGN_STYLE = Automatic;
				DEVELOPMENT_TEAM = T7CRNMJTBC;
				FRAMEWORK_SEARCH_PATHS = (
					"$(inherited)",
					"$(PROJECT_DIR)",
				);
				INFOPLIST_FILE = "Auto-Gym_for_Members/Info.plist";
				IPHONEOS_DEPLOYMENT_TARGET = 12.0;
				LD_RUNPATH_SEARCH_PATHS = (
					"$(inherited)",
					"@executable_path/Frameworks",
				);
				MARKETING_VERSION = 1.0.5;
				PRODUCT_BUNDLE_IDENTIFIER = "com.sysnet.auto-gym";
				PRODUCT_NAME = "$(TARGET_NAME)";
				PROVISIONING_PROFILE_SPECIFIER = "";
				SWIFT_VERSION = 5.0;
				TARGETED_DEVICE_FAMILY = 1;
			};
			name = Release;
		};
/* End XCBuildConfiguration section */

/* Begin XCConfigurationList section */
		D5B5237821C03FF900B2EAF2 /* Build configuration list for PBXProject "Auto-Gym_for_Members" */ = {
			isa = XCConfigurationList;
			buildConfigurations = (
				D5B5238D21C03FFA00B2EAF2 /* Debug */,
				D5B5238E21C03FFA00B2EAF2 /* Release */,
			);
			defaultConfigurationIsVisible = 0;
			defaultConfigurationName = Release;
		};
		D5B5238F21C03FFA00B2EAF2 /* Build configuration list for PBXNativeTarget "Auto-Gym_for_Members" */ = {
			isa = XCConfigurationList;
			buildConfigurations = (
				D5B5239021C03FFA00B2EAF2 /* Debug */,
				D5B5239121C03FFA00B2EAF2 /* Release */,
			);
			defaultConfigurationIsVisible = 0;
			defaultConfigurationName = Release;
		};
/* End XCConfigurationList section */
	};
	rootObject = D5B5237521C03FF900B2EAF2 /* Project object */;
}
